
Microsoft Visual Studio Solution File, Format Version 12.00
# Visual Studio Version 17
VisualStudioVersion = 17.1.32319.34
MinimumVisualStudioVersion = 10.0.40219.1
Project("{9A19103F-16F7-4668-BE54-9A1E7A4F7556}") = "DATN_API", "DATN_API\DATN_API.csproj", "{E4F721D3-F78B-46EA-88CA-98742E39CD03}"
EndProject
Global
	GlobalSection(SolutionConfigurationPlatforms) = preSolution
		Debug|Any CPU = Debug|Any CPU
		Release|Any CPU = Release|Any CPU
	EndGlobalSection
	GlobalSection(ProjectConfigurationPlatforms) = postSolution
		{E4F721D3-F78B-46EA-88CA-98742E39CD03}.Debug|Any CPU.ActiveCfg = Debug|Any CPU
		{E4F721D3-F78B-46EA-88CA-98742E39CD03}.Debug|Any CPU.Build.0 = Debug|Any CPU
		{E4F721D3-F78B-46EA-88CA-98742E39CD03}.Release|Any CPU.ActiveCfg = Release|Any CPU
		{E4F721D3-F78B-46EA-88CA-98742E39CD03}.Release|Any CPU.Build.0 = Release|Any CPU
	EndGlobalSection
	GlobalSection(SolutionProperties) = preSolution
		HideSolutionNode = FALSE
	EndGlobalSection
	GlobalSection(ExtensibilityGlobals) = postSolution
		SolutionGuid = {1B66B574-963D-4EF7-A6B5-7FA3B2107312}
	EndGlobalSection
EndGlobal
